schema: '2.0'
stages:
  prepare:
    cmd: python -m src.features.build_features
    deps:
    - path: data/raw/daily-min-temperatures.csv
      hash: md5
      md5: e35310138d13ed2b8117e3a4faa770c5
      size: 60619
    - path: params.yaml
      hash: md5
      md5: b8471433cb5fb48f9ccca98b71d85670
      size: 145
    - path: src/features/build_features.py
      hash: md5
      md5: 2558484764a93b8abb94772700cc74aa
      size: 1702
    outs:
    - path: data/processed/features.csv
      hash: md5
      md5: 30daf3beb592c1bd0ef33121c3336ead
      size: 291633
  train:
    cmd: python -m src.models.train
    deps:
    - path: data/processed/features.csv
      hash: md5
      md5: 30daf3beb592c1bd0ef33121c3336ead
      size: 291633
    - path: params.yaml
      hash: md5
      md5: b8471433cb5fb48f9ccca98b71d85670
      size: 145
    - path: src/models/train.py
      hash: md5
      md5: d4d3bf9732384538da2646128f3b239a
      size: 2161
    outs:
    - path: metrics.json
      hash: md5
      md5: 49ada42bad1cded9e1bb722719623827
      size: 63
    - path: models/model.pkl
      hash: md5
      md5: 81b3b7881b767616f43b579e3a03fdad
      size: 96337959
