schema: '2.0'
stages:
  prepare:
    cmd: python -m src.features.build_features
    deps:
    - path: data/raw/daily-min-temperatures.csv
      hash: md5
      md5: e35310138d13ed2b8117e3a4faa770c5
      size: 60619
    - path: params.yaml
      hash: md5
      md5: 9d459724aa80126eaeaf7911afdb2d14
      size: 205
    - path: src/features/build_features.py
      hash: md5
      md5: 6a9becfdf62c611b098b94dab87d204d
      size: 1889
    outs:
    - path: data/processed/features.csv
      hash: md5
      md5: b45dfa0c8a34f3bef4fa9ca9aa8941f3
      size: 418396
  train:
    cmd: python -m src.models.train
    deps:
    - path: data/processed/features.csv
      hash: md5
      md5: b45dfa0c8a34f3bef4fa9ca9aa8941f3
      size: 418396
    - path: params.yaml
      hash: md5
      md5: 9d459724aa80126eaeaf7911afdb2d14
      size: 205
    - path: src/models/train.py
      hash: md5
      md5: ae11840acfb65698c511e787fba74e0d
      size: 3359
    outs:
    - path: metrics.json
      hash: md5
      md5: 3237ac40fc7a0566edaf3e5e29dc4fbf
      size: 478
    - path: models/model.pkl
      hash: md5
      md5: 60884ced1a94e88d93f5d0b64a92a102
      size: 95502759
